
Microsoft Visual Studio Solution File, Format Version 12.00
# Visual Studio 2015
Project("{FAE04EC0-301F-11D3-BF4B-00C04F79EFBC}") = "PachinkoClient", "PachinkoClient.csproj", "{5EBAE7EF-470F-0E87-83FC-B4500EE3DD19}"
EndProject
Project("{FAE04EC0-301F-11D3-BF4B-00C04F79EFBC}") = "PachinkoClient.Editor", "PachinkoClient.Editor.csproj", "{1780E1F0-344E-167B-E4B9-F2084211C098}"
EndProject
Global
	GlobalSection(SolutionConfigurationPlatforms) = preSolution
		Debug|Any CPU = Debug|Any CPU
		Release|Any CPU = Release|Any CPU
	EndGlobalSection
	GlobalSection(ProjectConfigurationPlatforms) = postSolution
		{5EBAE7EF-470F-0E87-83FC-B4500EE3DD19}.Debug|Any CPU.ActiveCfg = Debug|Any CPU
		{5EBAE7EF-470F-0E87-83FC-B4500EE3DD19}.Debug|Any CPU.Build.0 = Debug|Any CPU
		{5EBAE7EF-470F-0E87-83FC-B4500EE3DD19}.Release|Any CPU.ActiveCfg = Release|Any CPU
		{5EBAE7EF-470F-0E87-83FC-B4500EE3DD19}.Release|Any CPU.Build.0 = Release|Any CPU
		{1780E1F0-344E-167B-E4B9-F2084211C098}.Debug|Any CPU.ActiveCfg = Debug|Any CPU
		{1780E1F0-344E-167B-E4B9-F2084211C098}.Debug|Any CPU.Build.0 = Debug|Any CPU
		{1780E1F0-344E-167B-E4B9-F2084211C098}.Release|Any CPU.ActiveCfg = Release|Any CPU
		{1780E1F0-344E-167B-E4B9-F2084211C098}.Release|Any CPU.Build.0 = Release|Any CPU
	EndGlobalSection
	GlobalSection(SolutionProperties) = preSolution
		HideSolutionNode = FALSE
	EndGlobalSection
EndGlobal
