
Microsoft Visual Studio Solution File, Format Version 12.00
# Visual Studio 2015
Project("{FAE04EC0-301F-11D3-BF4B-00C04F79EFBC}") = "Pachinko", "Pachinko.csproj", "{024CBEAD-57EC-D85F-02C3-EC5DE2A5D31A}"
EndProject
Project("{FAE04EC0-301F-11D3-BF4B-00C04F79EFBC}") = "Pachinko.Editor", "Pachinko.Editor.csproj", "{D6049E1C-3E53-14A4-87CC-08C3C880BF07}"
EndProject
Global
	GlobalSection(SolutionConfigurationPlatforms) = preSolution
		Debug|Any CPU = Debug|Any CPU
		Release|Any CPU = Release|Any CPU
	EndGlobalSection
	GlobalSection(ProjectConfigurationPlatforms) = postSolution
		{024CBEAD-57EC-D85F-02C3-EC5DE2A5D31A}.Debug|Any CPU.ActiveCfg = Debug|Any CPU
		{024CBEAD-57EC-D85F-02C3-EC5DE2A5D31A}.Debug|Any CPU.Build.0 = Debug|Any CPU
		{024CBEAD-57EC-D85F-02C3-EC5DE2A5D31A}.Release|Any CPU.ActiveCfg = Release|Any CPU
		{024CBEAD-57EC-D85F-02C3-EC5DE2A5D31A}.Release|Any CPU.Build.0 = Release|Any CPU
		{D6049E1C-3E53-14A4-87CC-08C3C880BF07}.Debug|Any CPU.ActiveCfg = Debug|Any CPU
		{D6049E1C-3E53-14A4-87CC-08C3C880BF07}.Debug|Any CPU.Build.0 = Debug|Any CPU
		{D6049E1C-3E53-14A4-87CC-08C3C880BF07}.Release|Any CPU.ActiveCfg = Release|Any CPU
		{D6049E1C-3E53-14A4-87CC-08C3C880BF07}.Release|Any CPU.Build.0 = Release|Any CPU
	EndGlobalSection
	GlobalSection(SolutionProperties) = preSolution
		HideSolutionNode = FALSE
	EndGlobalSection
EndGlobal
