
Microsoft Visual Studio Solution File, Format Version 11.00
# Visual Studio 2010
Project("{FAE04EC0-301F-11D3-BF4B-00C04F79EFBC}") = "PachinkoClient", "Assembly-CSharp.csproj", "{A9E469DA-3D3D-3903-7AE5-AFA3E98D4A9A}"
EndProject
Project("{FAE04EC0-301F-11D3-BF4B-00C04F79EFBC}") = "PachinkoClient", "Assembly-CSharp-Editor.csproj", "{96DEB38C-0011-909F-8777-351DBC08615E}"
EndProject
Global
	GlobalSection(SolutionConfigurationPlatforms) = preSolution
		Debug|Any CPU = Debug|Any CPU
		Release|Any CPU = Release|Any CPU
	EndGlobalSection
	GlobalSection(ProjectConfigurationPlatforms) = postSolution
		{A9E469DA-3D3D-3903-7AE5-AFA3E98D4A9A}.Debug|Any CPU.ActiveCfg = Debug|Any CPU
		{A9E469DA-3D3D-3903-7AE5-AFA3E98D4A9A}.Debug|Any CPU.Build.0 = Debug|Any CPU
		{A9E469DA-3D3D-3903-7AE5-AFA3E98D4A9A}.Release|Any CPU.ActiveCfg = Release|Any CPU
		{A9E469DA-3D3D-3903-7AE5-AFA3E98D4A9A}.Release|Any CPU.Build.0 = Release|Any CPU
		{96DEB38C-0011-909F-8777-351DBC08615E}.Debug|Any CPU.ActiveCfg = Debug|Any CPU
		{96DEB38C-0011-909F-8777-351DBC08615E}.Debug|Any CPU.Build.0 = Debug|Any CPU
		{96DEB38C-0011-909F-8777-351DBC08615E}.Release|Any CPU.ActiveCfg = Release|Any CPU
		{96DEB38C-0011-909F-8777-351DBC08615E}.Release|Any CPU.Build.0 = Release|Any CPU
	EndGlobalSection
	GlobalSection(SolutionProperties) = preSolution
		HideSolutionNode = FALSE
	EndGlobalSection
	GlobalSection(MonoDevelopProperties) = preSolution
		StartupItem = Assembly-CSharp.csproj
	EndGlobalSection
EndGlobal
